PODS:
  - CDSParticleFilter (0.4)
  - CocoaLumberjack (1.8.1):
    - CocoaLumberjack/Extensions
  - CocoaLumberjack/Core (1.8.1)
  - CocoaLumberjack/Extensions (1.8.1):
    - CocoaLumberjack/Core
  - EstimoteSDK (1.2.0)

DEPENDENCIES:
  - CDSParticleFilter
  - CocoaLumberjack
  - EstimoteSDK (= 1.2.0)

SPEC CHECKSUMS:
  CDSParticleFilter: 2157d6db7bc61e78679e71656f87bd3a119a8505
  CocoaLumberjack: 020378ec400d658923bf5887178394f65f052c90
  EstimoteSDK: 6bfe3bbaae76a23293e35244db94188818063a5a

COCOAPODS: 0.28.0
