PODS:
  - CDSParticleFilter (0.1)
  - CocoaLumberjack (1.8.1):
    - CocoaLumberjack/Extensions
  - CocoaLumberjack/Core (1.8.1)
  - CocoaLumberjack/Extensions (1.8.1):
    - CocoaLumberjack/Core
  - EstimoteSDK (1.2.0)

DEPENDENCIES:
  - CDSParticleFilter (from `file:///Users/andrew/Dev/Codeswell/CDSParticleFilter`, branch `develop`)
  - CocoaLumberjack
  - EstimoteSDK (= 1.2.0)

EXTERNAL SOURCES:
  CDSParticleFilter:
    :branch: develop
    :git: file:///Users/andrew/Dev/Codeswell/CDSParticleFilter

SPEC CHECKSUMS:
  CDSParticleFilter: 92127f6d923032b05e3028c2cd323329376b4a62
  CocoaLumberjack: 020378ec400d658923bf5887178394f65f052c90
  EstimoteSDK: 6bfe3bbaae76a23293e35244db94188818063a5a

COCOAPODS: 0.28.0
